
Microsoft Visual Studio Solution File, Format Version 12.00
# Visual Studio Version 17
VisualStudioVersion = 17.5.002.0
MinimumVisualStudioVersion = 10.0.40219.1
Project("{9A19103F-16F7-4668-BE54-9A1E7A4F7556}") = "DIO-Explorando", "DIO-Explorando.csproj", "{C84E0480-938A-43E8-ADAF-D7AE5615CDDB}"
EndProject
Global
	GlobalSection(SolutionConfigurationPlatforms) = preSolution
		Debug|Any CPU = Debug|Any CPU
		Release|Any CPU = Release|Any CPU
	EndGlobalSection
	GlobalSection(ProjectConfigurationPlatforms) = postSolution
		{C84E0480-938A-43E8-ADAF-D7AE5615CDDB}.Debug|Any CPU.ActiveCfg = Debug|Any CPU
		{C84E0480-938A-43E8-ADAF-D7AE5615CDDB}.Debug|Any CPU.Build.0 = Debug|Any CPU
		{C84E0480-938A-43E8-ADAF-D7AE5615CDDB}.Release|Any CPU.ActiveCfg = Release|Any CPU
		{C84E0480-938A-43E8-ADAF-D7AE5615CDDB}.Release|Any CPU.Build.0 = Release|Any CPU
	EndGlobalSection
	GlobalSection(SolutionProperties) = preSolution
		HideSolutionNode = FALSE
	EndGlobalSection
	GlobalSection(ExtensibilityGlobals) = postSolution
		SolutionGuid = {CB15CB0A-B0E5-4EEB-9F1F-F11B2097E806}
	EndGlobalSection
EndGlobal
